// !$*UTF8*$!
{
	archiveVersion = 1;
	classes = {
	};
	objectVersion = 46;
	objects = {

/* Begin PBXBuildFile section */
		EE111A4F1C6C3A41007CE029 /* Nimble.framework in Frameworks */ = {isa = PBXBuildFile; fileRef = EE111A4B1C6C3A0A007CE029 /* Nimble.framework */; };
		EE111A501C6C3A41007CE029 /* Quick.framework in Frameworks */ = {isa = PBXBuildFile; fileRef = EE111A4C1C6C3A0A007CE029 /* Quick.framework */; };
		EE260C0B1C729316004202C1 /* MockNetworkClient.swift in Sources */ = {isa = PBXBuildFile; fileRef = EE4B365B1C6FD9B300C7B88F /* MockNetworkClient.swift */; };
		EE260C121C7297E7004202C1 /* PhilipsHueServiceSpec.swift in Sources */ = {isa = PBXBuildFile; fileRef = EE4B36591C6FD73800C7B88F /* PhilipsHueServiceSpec.swift */; };
		EE260C131C729898004202C1 /* TestInjector.swift in Sources */ = {isa = PBXBuildFile; fileRef = EE4B365D1C6FDADE00C7B88F /* TestInjector.swift */; };
		EE260C151C729FE8004202C1 /* MockPhilipsHueCacheWrapper.swift in Sources */ = {isa = PBXBuildFile; fileRef = EE260C141C729FE8004202C1 /* MockPhilipsHueCacheWrapper.swift */; };
		EE48E1CA1C5ECB3100A2305F /* DDAbstractDatabaseLogger.m in Sources */ = {isa = PBXBuildFile; fileRef = EE48E1BC1C5ECB3100A2305F /* DDAbstractDatabaseLogger.m */; };
		EE48E1CB1C5ECB3100A2305F /* DDASLLogger.m in Sources */ = {isa = PBXBuildFile; fileRef = EE48E1BE1C5ECB3100A2305F /* DDASLLogger.m */; };
		EE48E1CC1C5ECB3100A2305F /* DDFileLogger.m in Sources */ = {isa = PBXBuildFile; fileRef = EE48E1C01C5ECB3100A2305F /* DDFileLogger.m */; };
		EE48E1CD1C5ECB3100A2305F /* DDLog.m in Sources */ = {isa = PBXBuildFile; fileRef = EE48E1C21C5ECB3100A2305F /* DDLog.m */; };
		EE48E1CE1C5ECB3100A2305F /* DDTTYLogger.m in Sources */ = {isa = PBXBuildFile; fileRef = EE48E1C41C5ECB3100A2305F /* DDTTYLogger.m */; };
		EE48E1CF1C5ECB3100A2305F /* ContextFilterLogFormatter.m in Sources */ = {isa = PBXBuildFile; fileRef = EE48E1C71C5ECB3100A2305F /* ContextFilterLogFormatter.m */; };
		EE48E1D01C5ECB3100A2305F /* DispatchQueueLogFormatter.m in Sources */ = {isa = PBXBuildFile; fileRef = EE48E1C91C5ECB3100A2305F /* DispatchQueueLogFormatter.m */; };
		EE4B36571C6FD62F00C7B88F /* ColorFadeUtilitySpec.swift in Sources */ = {isa = PBXBuildFile; fileRef = EE4B36561C6FD62F00C7B88F /* ColorFadeUtilitySpec.swift */; };
		EE4C8B501C6C4EC6000F4FA9 /* Injector.swift in Sources */ = {isa = PBXBuildFile; fileRef = EE4C8B4F1C6C4EC6000F4FA9 /* Injector.swift */; };
		EE97F7221C5DB96200C3ED77 /* AppDelegate.swift in Sources */ = {isa = PBXBuildFile; fileRef = EE97F7211C5DB96200C3ED77 /* AppDelegate.swift */; };
		EE97F72A1C5DB96200C3ED77 /* home.xcdatamodeld in Sources */ = {isa = PBXBuildFile; fileRef = EE97F7281C5DB96200C3ED77 /* home.xcdatamodeld */; };
		EE97F72C1C5DB96200C3ED77 /* Assets.xcassets in Resources */ = {isa = PBXBuildFile; fileRef = EE97F72B1C5DB96200C3ED77 /* Assets.xcassets */; };
		EE97F72F1C5DB96200C3ED77 /* LaunchScreen.storyboard in Resources */ = {isa = PBXBuildFile; fileRef = EE97F72D1C5DB96200C3ED77 /* LaunchScreen.storyboard */; };
		EE97F7571C5DBB5C00C3ED77 /* Objective-CBridgingHeader.m in Sources */ = {isa = PBXBuildFile; fileRef = EE97F7561C5DBB5C00C3ED77 /* Objective-CBridgingHeader.m */; };
		EEAC78591C7566E300DD6E85 /* PhilipsHueLightsManagerSpec.swift in Sources */ = {isa = PBXBuildFile; fileRef = EEAC78581C7566E300DD6E85 /* PhilipsHueLightsManagerSpec.swift */; };
		EEAC785B1C75677400DD6E85 /* MockPhilipsHueService.swift in Sources */ = {isa = PBXBuildFile; fileRef = EEAC785A1C75677400DD6E85 /* MockPhilipsHueService.swift */; };
		EEBF37C21C5EC70A005E0FAF /* UIKit.framework in Frameworks */ = {isa = PBXBuildFile; fileRef = EEBF37C11C5EC70A005E0FAF /* UIKit.framework */; };
		EEBF37C41C5EC710005E0FAF /* Foundation.framework in Frameworks */ = {isa = PBXBuildFile; fileRef = EEBF37C31C5EC710005E0FAF /* Foundation.framework */; };
		EEBF37C61C5EC987005E0FAF /* CoreGraphics.framework in Frameworks */ = {isa = PBXBuildFile; fileRef = EEBF37BF1C5EC705005E0FAF /* CoreGraphics.framework */; };
		EEBF5CDD1C793B750000A734 /* ExpandingCircleBedTimeView.swift in Sources */ = {isa = PBXBuildFile; fileRef = EEBF5CDC1C793B750000A734 /* ExpandingCircleBedTimeView.swift */; };
		EEC70A761C6F0408005AE073 /* DynamicColor.framework in Frameworks */ = {isa = PBXBuildFile; fileRef = EE111A471C6C359E007CE029 /* DynamicColor.framework */; };
		EEDF43EC1C714739008E9472 /* Swinject.framework in Frameworks */ = {isa = PBXBuildFile; fileRef = EE111A481C6C359E007CE029 /* Swinject.framework */; };
		EEDF43EE1C727F34008E9472 /* Alamofire.framework in Frameworks */ = {isa = PBXBuildFile; fileRef = EEE4B76E1C6EC6DE00FD2FA2 /* Alamofire.framework */; };
		EEDF43EF1C727F3E008E9472 /* DynamicColor.framework in Frameworks */ = {isa = PBXBuildFile; fileRef = EE111A471C6C359E007CE029 /* DynamicColor.framework */; };
		EEDF43F01C727F74008E9472 /* HueSDK_iOS.framework in Frameworks */ = {isa = PBXBuildFile; fileRef = EE97F7531C5DBAAE00C3ED77 /* HueSDK_iOS.framework */; };
		EEDF442F1C7289D2008E9472 /* PhilipsHueCacheWrapper.swift in Sources */ = {isa = PBXBuildFile; fileRef = EEDF43FA1C7289D2008E9472 /* PhilipsHueCacheWrapper.swift */; };
		EEDF44301C7289D2008E9472 /* PhilipsHueConnection.swift in Sources */ = {isa = PBXBuildFile; fileRef = EEDF43FB1C7289D2008E9472 /* PhilipsHueConnection.swift */; };
		EEDF44311C7289D2008E9472 /* PhilipsHuePushlinkAuthenticator.swift in Sources */ = {isa = PBXBuildFile; fileRef = EEDF43FC1C7289D2008E9472 /* PhilipsHuePushlinkAuthenticator.swift */; };
		EEDF44321C7289D2008E9472 /* PhilipsHueLightsManager.swift in Sources */ = {isa = PBXBuildFile; fileRef = EEDF43FE1C7289D2008E9472 /* PhilipsHueLightsManager.swift */; };
		EEDF44341C7289D2008E9472 /* NetworkClient.swift in Sources */ = {isa = PBXBuildFile; fileRef = EEDF44031C7289D2008E9472 /* NetworkClient.swift */; };
		EEDF44351C7289D2008E9472 /* Networking.swift in Sources */ = {isa = PBXBuildFile; fileRef = EEDF44041C7289D2008E9472 /* Networking.swift */; };
		EEDF44361C7289D2008E9472 /* PhilipsHueService.swift in Sources */ = {isa = PBXBuildFile; fileRef = EEDF44061C7289D2008E9472 /* PhilipsHueService.swift */; };
		EEDF44371C7289D2008E9472 /* Audrey-Bold.otf in Resources */ = {isa = PBXBuildFile; fileRef = EEDF44081C7289D2008E9472 /* Audrey-Bold.otf */; };
		EEDF44381C7289D2008E9472 /* Audrey-BoldOblique.otf in Resources */ = {isa = PBXBuildFile; fileRef = EEDF44091C7289D2008E9472 /* Audrey-BoldOblique.otf */; };
		EEDF44391C7289D2008E9472 /* Audrey-Medium.otf in Resources */ = {isa = PBXBuildFile; fileRef = EEDF440A1C7289D2008E9472 /* Audrey-Medium.otf */; };
		EEDF443A1C7289D2008E9472 /* Audrey-MediumOblique.otf in Resources */ = {isa = PBXBuildFile; fileRef = EEDF440B1C7289D2008E9472 /* Audrey-MediumOblique.otf */; };
		EEDF443B1C7289D2008E9472 /* Audrey-Normal.otf in Resources */ = {isa = PBXBuildFile; fileRef = EEDF440C1C7289D2008E9472 /* Audrey-Normal.otf */; };
		EEDF443C1C7289D2008E9472 /* Audrey-NormalOblique.otf in Resources */ = {isa = PBXBuildFile; fileRef = EEDF440D1C7289D2008E9472 /* Audrey-NormalOblique.otf */; };
		EEDF443D1C7289D2008E9472 /* CircadianViewController.swift in Sources */ = {isa = PBXBuildFile; fileRef = EEDF44111C7289D2008E9472 /* CircadianViewController.swift */; };
		EEDF443E1C7289D2008E9472 /* PushLinkViewController.swift in Sources */ = {isa = PBXBuildFile; fileRef = EEDF44121C7289D2008E9472 /* PushLinkViewController.swift */; };
		EEDF443F1C7289D2008E9472 /* SelectBridgeViewController.swift in Sources */ = {isa = PBXBuildFile; fileRef = EEDF44131C7289D2008E9472 /* SelectBridgeViewController.swift */; };
		EEDF44401C7289D2008E9472 /* BridgeTableViewCell.swift in Sources */ = {isa = PBXBuildFile; fileRef = EEDF44151C7289D2008E9472 /* BridgeTableViewCell.swift */; };
		EEDF44411C7289D2008E9472 /* CircadianView.swift in Sources */ = {isa = PBXBuildFile; fileRef = EEDF44161C7289D2008E9472 /* CircadianView.swift */; };
		EEDF44421C7289D2008E9472 /* LightFluctuationGraph.swift in Sources */ = {isa = PBXBuildFile; fileRef = EEDF44171C7289D2008E9472 /* LightFluctuationGraph.swift */; };
		EEDF44431C7289D2008E9472 /* PushLinkView.swift in Sources */ = {isa = PBXBuildFile; fileRef = EEDF44181C7289D2008E9472 /* PushLinkView.swift */; };
		EEDF44441C7289D2008E9472 /* SelectBridgeView.swift in Sources */ = {isa = PBXBuildFile; fileRef = EEDF44191C7289D2008E9472 /* SelectBridgeView.swift */; };
		EEDF44451C7289D2008E9472 /* HomeViewController.swift in Sources */ = {isa = PBXBuildFile; fileRef = EEDF441C1C7289D2008E9472 /* HomeViewController.swift */; };
		EEDF44461C7289D2008E9472 /* RootNavigationController.swift in Sources */ = {isa = PBXBuildFile; fileRef = EEDF441D1C7289D2008E9472 /* RootNavigationController.swift */; };
		EEDF44471C7289D2008E9472 /* HomeView.swift in Sources */ = {isa = PBXBuildFile; fileRef = EEDF441F1C7289D2008E9472 /* HomeView.swift */; };
		EEDF44481C7289D2008E9472 /* LoadingView.swift in Sources */ = {isa = PBXBuildFile; fileRef = EEDF44211C7289D2008E9472 /* LoadingView.swift */; };
		EEDF44491C7289D2008E9472 /* PaddedLabel.swift in Sources */ = {isa = PBXBuildFile; fileRef = EEDF44221C7289D2008E9472 /* PaddedLabel.swift */; };
		EEDF444A1C7289D2008E9472 /* RectangleLoadingView.swift in Sources */ = {isa = PBXBuildFile; fileRef = EEDF44231C7289D2008E9472 /* RectangleLoadingView.swift */; };
		EEDF444B1C7289D2008E9472 /* Main.storyboard in Resources */ = {isa = PBXBuildFile; fileRef = EEDF44251C7289D2008E9472 /* Main.storyboard */; };
		EEDF444C1C7289D2008E9472 /* NotificationPresenter.swift in Sources */ = {isa = PBXBuildFile; fileRef = EEDF44271C7289D2008E9472 /* NotificationPresenter.swift */; };
		EEDF444D1C7289D2008E9472 /* UIStyler.swift in Sources */ = {isa = PBXBuildFile; fileRef = EEDF44281C7289D2008E9472 /* UIStyler.swift */; };
		EEDF444E1C7289D2008E9472 /* UIView+LoadingView.swift in Sources */ = {isa = PBXBuildFile; fileRef = EEDF44291C7289D2008E9472 /* UIView+LoadingView.swift */; };
		EEDF444F1C7289D2008E9472 /* ColorFadeUtility.swift in Sources */ = {isa = PBXBuildFile; fileRef = EEDF442B1C7289D2008E9472 /* ColorFadeUtility.swift */; };
		EEDF44501C7289D2008E9472 /* ColorPalette.swift in Sources */ = {isa = PBXBuildFile; fileRef = EEDF442C1C7289D2008E9472 /* ColorPalette.swift */; };
		EEDF44511C7289D2008E9472 /* NSObject+StringFromClass.swift in Sources */ = {isa = PBXBuildFile; fileRef = EEDF442D1C7289D2008E9472 /* NSObject+StringFromClass.swift */; };
		EEE4B7711C6ECCDB00FD2FA2 /* FutureKit.framework in Frameworks */ = {isa = PBXBuildFile; fileRef = EEE4B7701C6ECCDB00FD2FA2 /* FutureKit.framework */; };
/* End PBXBuildFile section */

/* Begin PBXContainerItemProxy section */
		EE97F7361C5DB96200C3ED77 /* PBXContainerItemProxy */ = {
			isa = PBXContainerItemProxy;
			containerPortal = EE97F7161C5DB96200C3ED77 /* Project object */;
			proxyType = 1;
			remoteGlobalIDString = EE97F71D1C5DB96200C3ED77;
			remoteInfo = home;
		};
/* End PBXContainerItemProxy section */

/* Begin PBXCopyFilesBuildPhase section */
		EE4B36841C6FE1A400C7B88F /* Embed Frameworks */ = {
			isa = PBXCopyFilesBuildPhase;
			buildActionMask = 2147483647;
			dstPath = "";
			dstSubfolderSpec = 10;
			files = (
			);
			name = "Embed Frameworks";
			runOnlyForDeploymentPostprocessing = 0;
		};
/* End PBXCopyFilesBuildPhase section */

/* Begin PBXFileReference section */
		EE111A471C6C359E007CE029 /* DynamicColor.framework */ = {isa = PBXFileReference; lastKnownFileType = wrapper.framework; name = DynamicColor.framework; path = ../Carthage/Build/iOS/DynamicColor.framework; sourceTree = "<group>"; };
		EE111A481C6C359E007CE029 /* Swinject.framework */ = {isa = PBXFileReference; lastKnownFileType = wrapper.framework; name = Swinject.framework; path = ../Carthage/Build/iOS/Swinject.framework; sourceTree = "<group>"; };
		EE111A4B1C6C3A0A007CE029 /* Nimble.framework */ = {isa = PBXFileReference; lastKnownFileType = wrapper.framework; name = Nimble.framework; path = ../Carthage/Build/iOS/Nimble.framework; sourceTree = "<group>"; };
		EE111A4C1C6C3A0A007CE029 /* Quick.framework */ = {isa = PBXFileReference; lastKnownFileType = wrapper.framework; name = Quick.framework; path = ../Carthage/Build/iOS/Quick.framework; sourceTree = "<group>"; };
		EE260C141C729FE8004202C1 /* MockPhilipsHueCacheWrapper.swift */ = {isa = PBXFileReference; fileEncoding = 4; lastKnownFileType = sourcecode.swift; name = MockPhilipsHueCacheWrapper.swift; path = ../../../Home/homeTests/Networking/MockPhilipsHueCacheWrapper.swift; sourceTree = "<group>"; };
		EE48E1BB1C5ECB3100A2305F /* DDAbstractDatabaseLogger.h */ = {isa = PBXFileReference; fileEncoding = 4; lastKnownFileType = sourcecode.c.h; path = DDAbstractDatabaseLogger.h; sourceTree = "<group>"; };
		EE48E1BC1C5ECB3100A2305F /* DDAbstractDatabaseLogger.m */ = {isa = PBXFileReference; fileEncoding = 4; lastKnownFileType = sourcecode.c.objc; path = DDAbstractDatabaseLogger.m; sourceTree = "<group>"; };
		EE48E1BD1C5ECB3100A2305F /* DDASLLogger.h */ = {isa = PBXFileReference; fileEncoding = 4; lastKnownFileType = sourcecode.c.h; path = DDASLLogger.h; sourceTree = "<group>"; };
		EE48E1BE1C5ECB3100A2305F /* DDASLLogger.m */ = {isa = PBXFileReference; fileEncoding = 4; lastKnownFileType = sourcecode.c.objc; path = DDASLLogger.m; sourceTree = "<group>"; };
		EE48E1BF1C5ECB3100A2305F /* DDFileLogger.h */ = {isa = PBXFileReference; fileEncoding = 4; lastKnownFileType = sourcecode.c.h; path = DDFileLogger.h; sourceTree = "<group>"; };
		EE48E1C01C5ECB3100A2305F /* DDFileLogger.m */ = {isa = PBXFileReference; fileEncoding = 4; lastKnownFileType = sourcecode.c.objc; path = DDFileLogger.m; sourceTree = "<group>"; };
		EE48E1C11C5ECB3100A2305F /* DDLog.h */ = {isa = PBXFileReference; fileEncoding = 4; lastKnownFileType = sourcecode.c.h; path = DDLog.h; sourceTree = "<group>"; };
		EE48E1C21C5ECB3100A2305F /* DDLog.m */ = {isa = PBXFileReference; fileEncoding = 4; lastKnownFileType = sourcecode.c.objc; path = DDLog.m; sourceTree = "<group>"; };
		EE48E1C31C5ECB3100A2305F /* DDTTYLogger.h */ = {isa = PBXFileReference; fileEncoding = 4; lastKnownFileType = sourcecode.c.h; path = DDTTYLogger.h; sourceTree = "<group>"; };
		EE48E1C41C5ECB3100A2305F /* DDTTYLogger.m */ = {isa = PBXFileReference; fileEncoding = 4; lastKnownFileType = sourcecode.c.objc; path = DDTTYLogger.m; sourceTree = "<group>"; };
		EE48E1C61C5ECB3100A2305F /* ContextFilterLogFormatter.h */ = {isa = PBXFileReference; fileEncoding = 4; lastKnownFileType = sourcecode.c.h; path = ContextFilterLogFormatter.h; sourceTree = "<group>"; };
		EE48E1C71C5ECB3100A2305F /* ContextFilterLogFormatter.m */ = {isa = PBXFileReference; fileEncoding = 4; lastKnownFileType = sourcecode.c.objc; path = ContextFilterLogFormatter.m; sourceTree = "<group>"; };
		EE48E1C81C5ECB3100A2305F /* DispatchQueueLogFormatter.h */ = {isa = PBXFileReference; fileEncoding = 4; lastKnownFileType = sourcecode.c.h; path = DispatchQueueLogFormatter.h; sourceTree = "<group>"; };
		EE48E1C91C5ECB3100A2305F /* DispatchQueueLogFormatter.m */ = {isa = PBXFileReference; fileEncoding = 4; lastKnownFileType = sourcecode.c.objc; path = DispatchQueueLogFormatter.m; sourceTree = "<group>"; };
		EE4B36561C6FD62F00C7B88F /* ColorFadeUtilitySpec.swift */ = {isa = PBXFileReference; fileEncoding = 4; lastKnownFileType = sourcecode.swift; path = ColorFadeUtilitySpec.swift; sourceTree = "<group>"; };
		EE4B36591C6FD73800C7B88F /* PhilipsHueServiceSpec.swift */ = {isa = PBXFileReference; fileEncoding = 4; lastKnownFileType = sourcecode.swift; path = PhilipsHueServiceSpec.swift; sourceTree = "<group>"; };
		EE4B365B1C6FD9B300C7B88F /* MockNetworkClient.swift */ = {isa = PBXFileReference; fileEncoding = 4; lastKnownFileType = sourcecode.swift; path = MockNetworkClient.swift; sourceTree = "<group>"; };
		EE4B365D1C6FDADE00C7B88F /* TestInjector.swift */ = {isa = PBXFileReference; fileEncoding = 4; lastKnownFileType = sourcecode.swift; path = TestInjector.swift; sourceTree = "<group>"; };
		EE4B36601C6FDCCF00C7B88F /* Info.plist */ = {isa = PBXFileReference; fileEncoding = 4; lastKnownFileType = text.plist.xml; path = Info.plist; sourceTree = "<group>"; };
		EE4C8B4F1C6C4EC6000F4FA9 /* Injector.swift */ = {isa = PBXFileReference; fileEncoding = 4; lastKnownFileType = sourcecode.swift; path = Injector.swift; sourceTree = "<group>"; };
		EE4C8B531C6D7410000F4FA9 /* AFNetworking.framework */ = {isa = PBXFileReference; lastKnownFileType = wrapper.framework; name = AFNetworking.framework; path = ../Carthage/Build/iOS/AFNetworking.framework; sourceTree = "<group>"; };
		EE97F71E1C5DB96200C3ED77 /* home.app */ = {isa = PBXFileReference; explicitFileType = wrapper.application; includeInIndex = 0; path = home.app; sourceTree = BUILT_PRODUCTS_DIR; };
		EE97F7211C5DB96200C3ED77 /* AppDelegate.swift */ = {isa = PBXFileReference; lastKnownFileType = sourcecode.swift; path = AppDelegate.swift; sourceTree = "<group>"; };
		EE97F7291C5DB96200C3ED77 /* home.xcdatamodel */ = {isa = PBXFileReference; lastKnownFileType = wrapper.xcdatamodel; path = home.xcdatamodel; sourceTree = "<group>"; };
		EE97F72B1C5DB96200C3ED77 /* Assets.xcassets */ = {isa = PBXFileReference; lastKnownFileType = folder.assetcatalog; path = Assets.xcassets; sourceTree = "<group>"; };
		EE97F72E1C5DB96200C3ED77 /* Base */ = {isa = PBXFileReference; lastKnownFileType = file.storyboard; name = Base; path = Base.lproj/LaunchScreen.storyboard; sourceTree = "<group>"; };
		EE97F7301C5DB96200C3ED77 /* Info.plist */ = {isa = PBXFileReference; lastKnownFileType = text.plist.xml; path = Info.plist; sourceTree = "<group>"; };
		EE97F7351C5DB96200C3ED77 /* homeTests.xctest */ = {isa = PBXFileReference; explicitFileType = wrapper.cfbundle; includeInIndex = 0; path = homeTests.xctest; sourceTree = BUILT_PRODUCTS_DIR; };
		EE97F7531C5DBAAE00C3ED77 /* HueSDK_iOS.framework */ = {isa = PBXFileReference; lastKnownFileType = wrapper.framework; path = HueSDK_iOS.framework; sourceTree = "<group>"; };
		EE97F7551C5DBB5C00C3ED77 /* home-Bridging-Header.h */ = {isa = PBXFileReference; lastKnownFileType = sourcecode.c.h; path = "home-Bridging-Header.h"; sourceTree = "<group>"; };
		EE97F7561C5DBB5C00C3ED77 /* Objective-CBridgingHeader.m */ = {isa = PBXFileReference; fileEncoding = 4; lastKnownFileType = sourcecode.c.objc; path = "Objective-CBridgingHeader.m"; sourceTree = "<group>"; };
		EEAC78581C7566E300DD6E85 /* PhilipsHueLightsManagerSpec.swift */ = {isa = PBXFileReference; fileEncoding = 4; lastKnownFileType = sourcecode.swift; path = PhilipsHueLightsManagerSpec.swift; sourceTree = "<group>"; };
		EEAC785A1C75677400DD6E85 /* MockPhilipsHueService.swift */ = {isa = PBXFileReference; fileEncoding = 4; lastKnownFileType = sourcecode.swift; name = MockPhilipsHueService.swift; path = ../../../Home/homeTests/Networking/MockPhilipsHueService.swift; sourceTree = "<group>"; };
		EEBF37BF1C5EC705005E0FAF /* CoreGraphics.framework */ = {isa = PBXFileReference; lastKnownFileType = wrapper.framework; name = CoreGraphics.framework; path = System/Library/Frameworks/CoreGraphics.framework; sourceTree = SDKROOT; };
		EEBF37C11C5EC70A005E0FAF /* UIKit.framework */ = {isa = PBXFileReference; lastKnownFileType = wrapper.framework; name = UIKit.framework; path = System/Library/Frameworks/UIKit.framework; sourceTree = SDKROOT; };
		EEBF37C31C5EC710005E0FAF /* Foundation.framework */ = {isa = PBXFileReference; lastKnownFileType = wrapper.framework; name = Foundation.framework; path = System/Library/Frameworks/Foundation.framework; sourceTree = SDKROOT; };
		EEBF5CDC1C793B750000A734 /* ExpandingCircleBedTimeView.swift */ = {isa = PBXFileReference; fileEncoding = 4; lastKnownFileType = sourcecode.swift; name = ExpandingCircleBedTimeView.swift; path = "../../../../../Home/Home/User Interface/Lights UI/Views/ExpandingCircleBedTimeView.swift"; sourceTree = "<group>"; };
		EEDF43FA1C7289D2008E9472 /* PhilipsHueCacheWrapper.swift */ = {isa = PBXFileReference; fileEncoding = 4; lastKnownFileType = sourcecode.swift; path = PhilipsHueCacheWrapper.swift; sourceTree = "<group>"; };
		EEDF43FB1C7289D2008E9472 /* PhilipsHueConnection.swift */ = {isa = PBXFileReference; fileEncoding = 4; lastKnownFileType = sourcecode.swift; path = PhilipsHueConnection.swift; sourceTree = "<group>"; };
		EEDF43FC1C7289D2008E9472 /* PhilipsHuePushlinkAuthenticator.swift */ = {isa = PBXFileReference; fileEncoding = 4; lastKnownFileType = sourcecode.swift; path = PhilipsHuePushlinkAuthenticator.swift; sourceTree = "<group>"; };
		EEDF43FE1C7289D2008E9472 /* PhilipsHueLightsManager.swift */ = {isa = PBXFileReference; fileEncoding = 4; lastKnownFileType = sourcecode.swift; path = PhilipsHueLightsManager.swift; sourceTree = "<group>"; };
		EEDF44031C7289D2008E9472 /* NetworkClient.swift */ = {isa = PBXFileReference; fileEncoding = 4; lastKnownFileType = sourcecode.swift; path = NetworkClient.swift; sourceTree = "<group>"; };
		EEDF44041C7289D2008E9472 /* Networking.swift */ = {isa = PBXFileReference; fileEncoding = 4; lastKnownFileType = sourcecode.swift; path = Networking.swift; sourceTree = "<group>"; };
		EEDF44061C7289D2008E9472 /* PhilipsHueService.swift */ = {isa = PBXFileReference; fileEncoding = 4; lastKnownFileType = sourcecode.swift; path = PhilipsHueService.swift; sourceTree = "<group>"; };
		EEDF44081C7289D2008E9472 /* Audrey-Bold.otf */ = {isa = PBXFileReference; lastKnownFileType = file; path = "Audrey-Bold.otf"; sourceTree = "<group>"; };
		EEDF44091C7289D2008E9472 /* Audrey-BoldOblique.otf */ = {isa = PBXFileReference; lastKnownFileType = file; path = "Audrey-BoldOblique.otf"; sourceTree = "<group>"; };
		EEDF440A1C7289D2008E9472 /* Audrey-Medium.otf */ = {isa = PBXFileReference; lastKnownFileType = file; path = "Audrey-Medium.otf"; sourceTree = "<group>"; };
		EEDF440B1C7289D2008E9472 /* Audrey-MediumOblique.otf */ = {isa = PBXFileReference; lastKnownFileType = file; path = "Audrey-MediumOblique.otf"; sourceTree = "<group>"; };
		EEDF440C1C7289D2008E9472 /* Audrey-Normal.otf */ = {isa = PBXFileReference; lastKnownFileType = file; path = "Audrey-Normal.otf"; sourceTree = "<group>"; };
		EEDF440D1C7289D2008E9472 /* Audrey-NormalOblique.otf */ = {isa = PBXFileReference; lastKnownFileType = file; path = "Audrey-NormalOblique.otf"; sourceTree = "<group>"; };
		EEDF44111C7289D2008E9472 /* CircadianViewController.swift */ = {isa = PBXFileReference; fileEncoding = 4; lastKnownFileType = sourcecode.swift; path = CircadianViewController.swift; sourceTree = "<group>"; };
		EEDF44121C7289D2008E9472 /* PushLinkViewController.swift */ = {isa = PBXFileReference; fileEncoding = 4; lastKnownFileType = sourcecode.swift; path = PushLinkViewController.swift; sourceTree = "<group>"; };
		EEDF44131C7289D2008E9472 /* SelectBridgeViewController.swift */ = {isa = PBXFileReference; fileEncoding = 4; lastKnownFileType = sourcecode.swift; path = SelectBridgeViewController.swift; sourceTree = "<group>"; };
		EEDF44151C7289D2008E9472 /* BridgeTableViewCell.swift */ = {isa = PBXFileReference; fileEncoding = 4; lastKnownFileType = sourcecode.swift; path = BridgeTableViewCell.swift; sourceTree = "<group>"; };
		EEDF44161C7289D2008E9472 /* CircadianView.swift */ = {isa = PBXFileReference; fileEncoding = 4; lastKnownFileType = sourcecode.swift; path = CircadianView.swift; sourceTree = "<group>"; };
		EEDF44171C7289D2008E9472 /* LightFluctuationGraph.swift */ = {isa = PBXFileReference; fileEncoding = 4; lastKnownFileType = sourcecode.swift; path = LightFluctuationGraph.swift; sourceTree = "<group>"; };
		EEDF44181C7289D2008E9472 /* PushLinkView.swift */ = {isa = PBXFileReference; fileEncoding = 4; lastKnownFileType = sourcecode.swift; path = PushLinkView.swift; sourceTree = "<group>"; };
		EEDF44191C7289D2008E9472 /* SelectBridgeView.swift */ = {isa = PBXFileReference; fileEncoding = 4; lastKnownFileType = sourcecode.swift; path = SelectBridgeView.swift; sourceTree = "<group>"; };
		EEDF441C1C7289D2008E9472 /* HomeViewController.swift */ = {isa = PBXFileReference; fileEncoding = 4; lastKnownFileType = sourcecode.swift; path = HomeViewController.swift; sourceTree = "<group>"; };
		EEDF441D1C7289D2008E9472 /* RootNavigationController.swift */ = {isa = PBXFileReference; fileEncoding = 4; lastKnownFileType = sourcecode.swift; path = RootNavigationController.swift; sourceTree = "<group>"; };
		EEDF441F1C7289D2008E9472 /* HomeView.swift */ = {isa = PBXFileReference; fileEncoding = 4; lastKnownFileType = sourcecode.swift; path = HomeView.swift; sourceTree = "<group>"; };
		EEDF44211C7289D2008E9472 /* LoadingView.swift */ = {isa = PBXFileReference; fileEncoding = 4; lastKnownFileType = sourcecode.swift; path = LoadingView.swift; sourceTree = "<group>"; };
		EEDF44221C7289D2008E9472 /* PaddedLabel.swift */ = {isa = PBXFileReference; fileEncoding = 4; lastKnownFileType = sourcecode.swift; path = PaddedLabel.swift; sourceTree = "<group>"; };
		EEDF44231C7289D2008E9472 /* RectangleLoadingView.swift */ = {isa = PBXFileReference; fileEncoding = 4; lastKnownFileType = sourcecode.swift; path = RectangleLoadingView.swift; sourceTree = "<group>"; };
		EEDF44251C7289D2008E9472 /* Main.storyboard */ = {isa = PBXFileReference; fileEncoding = 4; lastKnownFileType = file.storyboard; path = Main.storyboard; sourceTree = "<group>"; };
		EEDF44271C7289D2008E9472 /* NotificationPresenter.swift */ = {isa = PBXFileReference; fileEncoding = 4; lastKnownFileType = sourcecode.swift; path = NotificationPresenter.swift; sourceTree = "<group>"; };
		EEDF44281C7289D2008E9472 /* UIStyler.swift */ = {isa = PBXFileReference; fileEncoding = 4; lastKnownFileType = sourcecode.swift; path = UIStyler.swift; sourceTree = "<group>"; };
		EEDF44291C7289D2008E9472 /* UIView+LoadingView.swift */ = {isa = PBXFileReference; fileEncoding = 4; lastKnownFileType = sourcecode.swift; path = "UIView+LoadingView.swift"; sourceTree = "<group>"; };
		EEDF442B1C7289D2008E9472 /* ColorFadeUtility.swift */ = {isa = PBXFileReference; fileEncoding = 4; lastKnownFileType = sourcecode.swift; path = ColorFadeUtility.swift; sourceTree = "<group>"; };
		EEDF442C1C7289D2008E9472 /* ColorPalette.swift */ = {isa = PBXFileReference; fileEncoding = 4; lastKnownFileType = sourcecode.swift; path = ColorPalette.swift; sourceTree = "<group>"; };
		EEDF442D1C7289D2008E9472 /* NSObject+StringFromClass.swift */ = {isa = PBXFileReference; fileEncoding = 4; lastKnownFileType = sourcecode.swift; path = "NSObject+StringFromClass.swift"; sourceTree = "<group>"; };
		EEE4B76E1C6EC6DE00FD2FA2 /* Alamofire.framework */ = {isa = PBXFileReference; lastKnownFileType = wrapper.framework; name = Alamofire.framework; path = ../Carthage/Build/iOS/Alamofire.framework; sourceTree = "<group>"; };
		EEE4B7701C6ECCDB00FD2FA2 /* FutureKit.framework */ = {isa = PBXFileReference; lastKnownFileType = wrapper.framework; name = FutureKit.framework; path = ../Carthage/Build/iOS/FutureKit.framework; sourceTree = "<group>"; };
/* End PBXFileReference section */

/* Begin PBXFrameworksBuildPhase section */
		EE97F71B1C5DB96200C3ED77 /* Frameworks */ = {
			isa = PBXFrameworksBuildPhase;
			buildActionMask = 2147483647;
			files = (
				EEDF43F01C727F74008E9472 /* HueSDK_iOS.framework in Frameworks */,
				EEDF43EE1C727F34008E9472 /* Alamofire.framework in Frameworks */,
				EEE4B7711C6ECCDB00FD2FA2 /* FutureKit.framework in Frameworks */,
				EEDF43EC1C714739008E9472 /* Swinject.framework in Frameworks */,
				EEDF43EF1C727F3E008E9472 /* DynamicColor.framework in Frameworks */,
				EEBF37C61C5EC987005E0FAF /* CoreGraphics.framework in Frameworks */,
				EEBF37C21C5EC70A005E0FAF /* UIKit.framework in Frameworks */,
				EEBF37C41C5EC710005E0FAF /* Foundation.framework in Frameworks */,
			);
			runOnlyForDeploymentPostprocessing = 0;
		};
		EE97F7321C5DB96200C3ED77 /* Frameworks */ = {
			isa = PBXFrameworksBuildPhase;
			buildActionMask = 2147483647;
			files = (
				EE111A4F1C6C3A41007CE029 /* Nimble.framework in Frameworks */,
				EE111A501C6C3A41007CE029 /* Quick.framework in Frameworks */,
				EEC70A761C6F0408005AE073 /* DynamicColor.framework in Frameworks */,
			);
			runOnlyForDeploymentPostprocessing = 0;
		};
/* End PBXFrameworksBuildPhase section */

/* Begin PBXGroup section */
		EE48E1BA1C5ECB3100A2305F /* Lumberjack */ = {
			isa = PBXGroup;
			children = (
				EE48E1BB1C5ECB3100A2305F /* DDAbstractDatabaseLogger.h */,
				EE48E1BC1C5ECB3100A2305F /* DDAbstractDatabaseLogger.m */,
				EE48E1BD1C5ECB3100A2305F /* DDASLLogger.h */,
				EE48E1BE1C5ECB3100A2305F /* DDASLLogger.m */,
				EE48E1BF1C5ECB3100A2305F /* DDFileLogger.h */,
				EE48E1C01C5ECB3100A2305F /* DDFileLogger.m */,
				EE48E1C11C5ECB3100A2305F /* DDLog.h */,
				EE48E1C21C5ECB3100A2305F /* DDLog.m */,
				EE48E1C31C5ECB3100A2305F /* DDTTYLogger.h */,
				EE48E1C41C5ECB3100A2305F /* DDTTYLogger.m */,
				EE48E1C51C5ECB3100A2305F /* Extensions */,
			);
			path = Lumberjack;
			sourceTree = "<group>";
		};
		EE48E1C51C5ECB3100A2305F /* Extensions */ = {
			isa = PBXGroup;
			children = (
				EE48E1C61C5ECB3100A2305F /* ContextFilterLogFormatter.h */,
				EE48E1C71C5ECB3100A2305F /* ContextFilterLogFormatter.m */,
				EE48E1C81C5ECB3100A2305F /* DispatchQueueLogFormatter.h */,
				EE48E1C91C5ECB3100A2305F /* DispatchQueueLogFormatter.m */,
			);
			path = Extensions;
			sourceTree = "<group>";
		};
		EE4B36541C6FD5D200C7B88F /* homeTests */ = {
			isa = PBXGroup;
			children = (
				EEAC78561C7566D400DD6E85 /* Home Connections */,
				EE4B36581C6FD72100C7B88F /* Networking */,
				EE4B36551C6FD5D200C7B88F /* Utilities */,
				EE4B36601C6FDCCF00C7B88F /* Info.plist */,
				EE4B365D1C6FDADE00C7B88F /* TestInjector.swift */,
			);
			path = homeTests;
			sourceTree = "<group>";
		};
		EE4B36551C6FD5D200C7B88F /* Utilities */ = {
			isa = PBXGroup;
			children = (
				EE4B36561C6FD62F00C7B88F /* ColorFadeUtilitySpec.swift */,
			);
			path = Utilities;
			sourceTree = "<group>";
		};
		EE4B36581C6FD72100C7B88F /* Networking */ = {
			isa = PBXGroup;
			children = (
				EE4B36591C6FD73800C7B88F /* PhilipsHueServiceSpec.swift */,
				EE4B365B1C6FD9B300C7B88F /* MockNetworkClient.swift */,
				EE260C141C729FE8004202C1 /* MockPhilipsHueCacheWrapper.swift */,
				EEAC785A1C75677400DD6E85 /* MockPhilipsHueService.swift */,
			);
			path = Networking;
			sourceTree = "<group>";
		};
		EE97F7151C5DB96200C3ED77 = {
			isa = PBXGroup;
			children = (
				EE97F7521C5DBAAE00C3ED77 /* Externals */,
				EE97F7201C5DB96200C3ED77 /* home */,
				EE4B36541C6FD5D200C7B88F /* homeTests */,
				EE97F71F1C5DB96200C3ED77 /* Products */,
			);
			sourceTree = "<group>";
		};
		EE97F71F1C5DB96200C3ED77 /* Products */ = {
			isa = PBXGroup;
			children = (
				EE97F71E1C5DB96200C3ED77 /* home.app */,
				EE97F7351C5DB96200C3ED77 /* homeTests.xctest */,
			);
			name = Products;
			sourceTree = "<group>";
		};
		EE97F7201C5DB96200C3ED77 /* home */ = {
			isa = PBXGroup;
			children = (
				EEDF43F81C7289D2008E9472 /* Home Connections */,
				EEDF43FF1C7289D2008E9472 /* Models */,
				EEDF44011C7289D2008E9472 /* Networking */,
				EEDF44071C7289D2008E9472 /* Resources */,
				EEDF440E1C7289D2008E9472 /* User Interface */,
				EEDF442A1C7289D2008E9472 /* Utilities */,
				EE97F7211C5DB96200C3ED77 /* AppDelegate.swift */,
				EE97F72B1C5DB96200C3ED77 /* Assets.xcassets */,
				EE97F7551C5DBB5C00C3ED77 /* home-Bridging-Header.h */,
				EE97F7281C5DB96200C3ED77 /* home.xcdatamodeld */,
				EE97F7301C5DB96200C3ED77 /* Info.plist */,
				EE4C8B4F1C6C4EC6000F4FA9 /* Injector.swift */,
				EE97F72D1C5DB96200C3ED77 /* LaunchScreen.storyboard */,
				EE97F7561C5DBB5C00C3ED77 /* Objective-CBridgingHeader.m */,
			);
			path = home;
			sourceTree = "<group>";
		};
		EE97F7521C5DBAAE00C3ED77 /* Externals */ = {
			isa = PBXGroup;
			children = (
				EEE4B7701C6ECCDB00FD2FA2 /* FutureKit.framework */,
				EEE4B76E1C6EC6DE00FD2FA2 /* Alamofire.framework */,
				EE4C8B531C6D7410000F4FA9 /* AFNetworking.framework */,
				EE111A4B1C6C3A0A007CE029 /* Nimble.framework */,
				EE111A4C1C6C3A0A007CE029 /* Quick.framework */,
				EE111A471C6C359E007CE029 /* DynamicColor.framework */,
				EE111A481C6C359E007CE029 /* Swinject.framework */,
				EEBF37C31C5EC710005E0FAF /* Foundation.framework */,
				EEBF37C11C5EC70A005E0FAF /* UIKit.framework */,
				EEBF37BF1C5EC705005E0FAF /* CoreGraphics.framework */,
				EE48E1BA1C5ECB3100A2305F /* Lumberjack */,
				EE97F7531C5DBAAE00C3ED77 /* HueSDK_iOS.framework */,
			);
			path = Externals;
			sourceTree = "<group>";
		};
		EEAC78561C7566D400DD6E85 /* Home Connections */ = {
			isa = PBXGroup;
			children = (
				EEAC78571C7566D400DD6E85 /* Lights */,
			);
			name = "Home Connections";
			path = "../../Home/homeTests/Home Connections";
			sourceTree = "<group>";
		};
		EEAC78571C7566D400DD6E85 /* Lights */ = {
			isa = PBXGroup;
			children = (
				EEAC78581C7566E300DD6E85 /* PhilipsHueLightsManagerSpec.swift */,
			);
			path = Lights;
			sourceTree = "<group>";
		};
		EEDF43F81C7289D2008E9472 /* Home Connections */ = {
			isa = PBXGroup;
			children = (
				EEDF43F91C7289D2008E9472 /* Authentication */,
				EEDF43FD1C7289D2008E9472 /* Lights */,
			);
			path = "Home Connections";
			sourceTree = "<group>";
		};
		EEDF43F91C7289D2008E9472 /* Authentication */ = {
			isa = PBXGroup;
			children = (
				EEDF43FA1C7289D2008E9472 /* PhilipsHueCacheWrapper.swift */,
				EEDF43FB1C7289D2008E9472 /* PhilipsHueConnection.swift */,
				EEDF43FC1C7289D2008E9472 /* PhilipsHuePushlinkAuthenticator.swift */,
			);
			path = Authentication;
			sourceTree = "<group>";
		};
		EEDF43FD1C7289D2008E9472 /* Lights */ = {
			isa = PBXGroup;
			children = (
				EEDF43FE1C7289D2008E9472 /* PhilipsHueLightsManager.swift */,
			);
			path = Lights;
			sourceTree = "<group>";
		};
		EEDF43FF1C7289D2008E9472 /* Models */ = {
			isa = PBXGroup;
			children = (
			);
			path = Models;
			sourceTree = "<group>";
		};
		EEDF44011C7289D2008E9472 /* Networking */ = {
			isa = PBXGroup;
			children = (
				EEDF44021C7289D2008E9472 /* Network Clients */,
				EEDF44051C7289D2008E9472 /* Services */,
			);
			path = Networking;
			sourceTree = "<group>";
		};
		EEDF44021C7289D2008E9472 /* Network Clients */ = {
			isa = PBXGroup;
			children = (
				EEDF44031C7289D2008E9472 /* NetworkClient.swift */,
				EEDF44041C7289D2008E9472 /* Networking.swift */,
			);
			path = "Network Clients";
			sourceTree = "<group>";
		};
		EEDF44051C7289D2008E9472 /* Services */ = {
			isa = PBXGroup;
			children = (
				EEDF44061C7289D2008E9472 /* PhilipsHueService.swift */,
			);
			path = Services;
			sourceTree = "<group>";
		};
		EEDF44071C7289D2008E9472 /* Resources */ = {
			isa = PBXGroup;
			children = (
				EEDF44081C7289D2008E9472 /* Audrey-Bold.otf */,
				EEDF44091C7289D2008E9472 /* Audrey-BoldOblique.otf */,
				EEDF440A1C7289D2008E9472 /* Audrey-Medium.otf */,
				EEDF440B1C7289D2008E9472 /* Audrey-MediumOblique.otf */,
				EEDF440C1C7289D2008E9472 /* Audrey-Normal.otf */,
				EEDF440D1C7289D2008E9472 /* Audrey-NormalOblique.otf */,
			);
			path = Resources;
			sourceTree = "<group>";
		};
		EEDF440E1C7289D2008E9472 /* User Interface */ = {
			isa = PBXGroup;
			children = (
				EEDF440F1C7289D2008E9472 /* Lights UI */,
				EEDF441A1C7289D2008E9472 /* Main UI */,
				EEDF44201C7289D2008E9472 /* Shared UI */,
				EEDF44241C7289D2008E9472 /* Storyboards */,
				EEDF44261C7289D2008E9472 /* Utilities */,
			);
			path = "User Interface";
			sourceTree = "<group>";
		};
		EEDF440F1C7289D2008E9472 /* Lights UI */ = {
			isa = PBXGroup;
			children = (
				EEDF44101C7289D2008E9472 /* View Controllers */,
				EEDF44141C7289D2008E9472 /* Views */,
			);
			path = "Lights UI";
			sourceTree = "<group>";
		};
		EEDF44101C7289D2008E9472 /* View Controllers */ = {
			isa = PBXGroup;
			children = (
				EEDF44111C7289D2008E9472 /* CircadianViewController.swift */,
				EEDF44121C7289D2008E9472 /* PushLinkViewController.swift */,
				EEDF44131C7289D2008E9472 /* SelectBridgeViewController.swift */,
			);
			path = "View Controllers";
			sourceTree = "<group>";
		};
		EEDF44141C7289D2008E9472 /* Views */ = {
			isa = PBXGroup;
			children = (
				EEDF44151C7289D2008E9472 /* BridgeTableViewCell.swift */,
				EEDF44161C7289D2008E9472 /* CircadianView.swift */,
				EEDF44171C7289D2008E9472 /* LightFluctuationGraph.swift */,
				EEDF44181C7289D2008E9472 /* PushLinkView.swift */,
				EEDF44191C7289D2008E9472 /* SelectBridgeView.swift */,
				EEBF5CDC1C793B750000A734 /* ExpandingCircleBedTimeView.swift */,
			);
			path = Views;
			sourceTree = "<group>";
		};
		EEDF441A1C7289D2008E9472 /* Main UI */ = {
			isa = PBXGroup;
			children = (
				EEDF441B1C7289D2008E9472 /* View Controllers */,
				EEDF441E1C7289D2008E9472 /* Views */,
			);
			path = "Main UI";
			sourceTree = "<group>";
		};
		EEDF441B1C7289D2008E9472 /* View Controllers */ = {
			isa = PBXGroup;
			children = (
				EEDF441C1C7289D2008E9472 /* HomeViewController.swift */,
				EEDF441D1C7289D2008E9472 /* RootNavigationController.swift */,
			);
			path = "View Controllers";
			sourceTree = "<group>";
		};
		EEDF441E1C7289D2008E9472 /* Views */ = {
			isa = PBXGroup;
			children = (
				EEDF441F1C7289D2008E9472 /* HomeView.swift */,
			);
			path = Views;
			sourceTree = "<group>";
		};
		EEDF44201C7289D2008E9472 /* Shared UI */ = {
			isa = PBXGroup;
			children = (
				EEDF44211C7289D2008E9472 /* LoadingView.swift */,
				EEDF44221C7289D2008E9472 /* PaddedLabel.swift */,
				EEDF44231C7289D2008E9472 /* RectangleLoadingView.swift */,
			);
			path = "Shared UI";
			sourceTree = "<group>";
		};
		EEDF44241C7289D2008E9472 /* Storyboards */ = {
			isa = PBXGroup;
			children = (
				EEDF44251C7289D2008E9472 /* Main.storyboard */,
			);
			path = Storyboards;
			sourceTree = "<group>";
		};
		EEDF44261C7289D2008E9472 /* Utilities */ = {
			isa = PBXGroup;
			children = (
				EEDF44271C7289D2008E9472 /* NotificationPresenter.swift */,
				EEDF44281C7289D2008E9472 /* UIStyler.swift */,
				EEDF44291C7289D2008E9472 /* UIView+LoadingView.swift */,
			);
			path = Utilities;
			sourceTree = "<group>";
		};
		EEDF442A1C7289D2008E9472 /* Utilities */ = {
			isa = PBXGroup;
			children = (
				EEDF442B1C7289D2008E9472 /* ColorFadeUtility.swift */,
				EEDF442C1C7289D2008E9472 /* ColorPalette.swift */,
				EEDF442D1C7289D2008E9472 /* NSObject+StringFromClass.swift */,
			);
			path = Utilities;
			sourceTree = "<group>";
		};
/* End PBXGroup section */

/* Begin PBXNativeTarget section */
		EE97F71D1C5DB96200C3ED77 /* home */ = {
			isa = PBXNativeTarget;
			buildConfigurationList = EE97F7491C5DB96200C3ED77 /* Build configuration list for PBXNativeTarget "home" */;
			buildPhases = (
				EE97F71A1C5DB96200C3ED77 /* Sources */,
				EE97F71B1C5DB96200C3ED77 /* Frameworks */,
				EE97F71C1C5DB96200C3ED77 /* Resources */,
				EE111A461C6C325B007CE029 /* ShellScript */,
				EE4B36841C6FE1A400C7B88F /* Embed Frameworks */,
			);
			buildRules = (
			);
			dependencies = (
			);
			name = home;
			productName = home;
			productReference = EE97F71E1C5DB96200C3ED77 /* home.app */;
			productType = "com.apple.product-type.application";
		};
		EE97F7341C5DB96200C3ED77 /* homeTests */ = {
			isa = PBXNativeTarget;
			buildConfigurationList = EE97F74C1C5DB96200C3ED77 /* Build configuration list for PBXNativeTarget "homeTests" */;
			buildPhases = (
				EE97F7311C5DB96200C3ED77 /* Sources */,
				EE97F7321C5DB96200C3ED77 /* Frameworks */,
				EE97F7331C5DB96200C3ED77 /* Resources */,
				EE111A511C6C3A46007CE029 /* ShellScript */,
			);
			buildRules = (
			);
			dependencies = (
				EE97F7371C5DB96200C3ED77 /* PBXTargetDependency */,
			);
			name = homeTests;
			productName = homeTests;
			productReference = EE97F7351C5DB96200C3ED77 /* homeTests.xctest */;
			productType = "com.apple.product-type.bundle.unit-test";
		};
/* End PBXNativeTarget section */

/* Begin PBXProject section */
		EE97F7161C5DB96200C3ED77 /* Project object */ = {
			isa = PBXProject;
			attributes = {
				LastSwiftUpdateCheck = 0720;
				LastUpgradeCheck = 0720;
				ORGANIZATIONNAME = Katricia;
				TargetAttributes = {
					EE97F71D1C5DB96200C3ED77 = {
						CreatedOnToolsVersion = 7.2;
					};
					EE97F7341C5DB96200C3ED77 = {
						CreatedOnToolsVersion = 7.2;
						TestTargetID = EE97F71D1C5DB96200C3ED77;
					};
				};
			};
			buildConfigurationList = EE97F7191C5DB96200C3ED77 /* Build configuration list for PBXProject "home" */;
			compatibilityVersion = "Xcode 3.2";
			developmentRegion = English;
			hasScannedForEncodings = 0;
			knownRegions = (
				en,
				Base,
			);
			mainGroup = EE97F7151C5DB96200C3ED77;
			productRefGroup = EE97F71F1C5DB96200C3ED77 /* Products */;
			projectDirPath = "";
			projectRoot = "";
			targets = (
				EE97F71D1C5DB96200C3ED77 /* home */,
				EE97F7341C5DB96200C3ED77 /* homeTests */,
			);
		};
/* End PBXProject section */

/* Begin PBXResourcesBuildPhase section */
		EE97F71C1C5DB96200C3ED77 /* Resources */ = {
			isa = PBXResourcesBuildPhase;
			buildActionMask = 2147483647;
			files = (
				EEDF443C1C7289D2008E9472 /* Audrey-NormalOblique.otf in Resources */,
				EEDF443B1C7289D2008E9472 /* Audrey-Normal.otf in Resources */,
				EE97F72F1C5DB96200C3ED77 /* LaunchScreen.storyboard in Resources */,
				EEDF44371C7289D2008E9472 /* Audrey-Bold.otf in Resources */,
				EEDF44381C7289D2008E9472 /* Audrey-BoldOblique.otf in Resources */,
				EEDF44391C7289D2008E9472 /* Audrey-Medium.otf in Resources */,
				EEDF444B1C7289D2008E9472 /* Main.storyboard in Resources */,
				EEDF443A1C7289D2008E9472 /* Audrey-MediumOblique.otf in Resources */,
				EE97F72C1C5DB96200C3ED77 /* Assets.xcassets in Resources */,
			);
			runOnlyForDeploymentPostprocessing = 0;
		};
		EE97F7331C5DB96200C3ED77 /* Resources */ = {
			isa = PBXResourcesBuildPhase;
			buildActionMask = 2147483647;
			files = (
			);
			runOnlyForDeploymentPostprocessing = 0;
		};
/* End PBXResourcesBuildPhase section */

/* Begin PBXShellScriptBuildPhase section */
		EE111A461C6C325B007CE029 /* ShellScript */ = {
			isa = PBXShellScriptBuildPhase;
			buildActionMask = 2147483647;
			files = (
			);
			inputPaths = (
				"$(SRCROOT)/Carthage/Build/iOS/DynamicColor.framework",
				"$(SRCROOT)/Carthage/Build/iOS/Swinject.framework",
				"$(SRCROOT)/Carthage/Build/iOS/Alamofire.framework",
				"$(SRCROOT)/Carthage/Build/iOS/FutureKit.framework",
			);
			outputPaths = (
			);
			runOnlyForDeploymentPostprocessing = 0;
			shellPath = /bin/sh;
			shellScript = "/usr/local/bin/carthage copy-frameworks";
		};
		EE111A511C6C3A46007CE029 /* ShellScript */ = {
			isa = PBXShellScriptBuildPhase;
			buildActionMask = 2147483647;
			files = (
			);
			inputPaths = (
				"$(SRCROOT)/Carthage/Build/iOS/Quick.framework",
				"$(SRCROOT)/Carthage/Build/iOS/Nimble.framework",
			);
			outputPaths = (
			);
			runOnlyForDeploymentPostprocessing = 0;
			shellPath = /bin/sh;
			shellScript = "/usr/local/bin/carthage copy-frameworks";
		};
/* End PBXShellScriptBuildPhase section */

/* Begin PBXSourcesBuildPhase section */
		EE97F71A1C5DB96200C3ED77 /* Sources */ = {
			isa = PBXSourcesBuildPhase;
			buildActionMask = 2147483647;
			files = (
				EEDF44511C7289D2008E9472 /* NSObject+StringFromClass.swift in Sources */,
				EE48E1D01C5ECB3100A2305F /* DispatchQueueLogFormatter.m in Sources */,
				EEDF443E1C7289D2008E9472 /* PushLinkViewController.swift in Sources */,
				EE48E1CC1C5ECB3100A2305F /* DDFileLogger.m in Sources */,
				EEDF44471C7289D2008E9472 /* HomeView.swift in Sources */,
				EEDF444E1C7289D2008E9472 /* UIView+LoadingView.swift in Sources */,
				EEDF44431C7289D2008E9472 /* PushLinkView.swift in Sources */,
				EEDF44351C7289D2008E9472 /* Networking.swift in Sources */,
				EEDF444C1C7289D2008E9472 /* NotificationPresenter.swift in Sources */,
				EE97F7571C5DBB5C00C3ED77 /* Objective-CBridgingHeader.m in Sources */,
				EEDF442F1C7289D2008E9472 /* PhilipsHueCacheWrapper.swift in Sources */,
				EE48E1CB1C5ECB3100A2305F /* DDASLLogger.m in Sources */,
				EEDF444A1C7289D2008E9472 /* RectangleLoadingView.swift in Sources */,
				EEDF44461C7289D2008E9472 /* RootNavigationController.swift in Sources */,
				EE48E1CE1C5ECB3100A2305F /* DDTTYLogger.m in Sources */,
				EEDF444F1C7289D2008E9472 /* ColorFadeUtility.swift in Sources */,
				EEDF44421C7289D2008E9472 /* LightFluctuationGraph.swift in Sources */,
				EE97F7221C5DB96200C3ED77 /* AppDelegate.swift in Sources */,
				EEDF44491C7289D2008E9472 /* PaddedLabel.swift in Sources */,
				EEDF44341C7289D2008E9472 /* NetworkClient.swift in Sources */,
				EE48E1CA1C5ECB3100A2305F /* DDAbstractDatabaseLogger.m in Sources */,
				EE48E1CF1C5ECB3100A2305F /* ContextFilterLogFormatter.m in Sources */,
				EE48E1CD1C5ECB3100A2305F /* DDLog.m in Sources */,
				EEDF44401C7289D2008E9472 /* BridgeTableViewCell.swift in Sources */,
				EEDF44411C7289D2008E9472 /* CircadianView.swift in Sources */,
				EEDF44441C7289D2008E9472 /* SelectBridgeView.swift in Sources */,
				EEDF44451C7289D2008E9472 /* HomeViewController.swift in Sources */,
				EEDF443F1C7289D2008E9472 /* SelectBridgeViewController.swift in Sources */,
				EEDF44301C7289D2008E9472 /* PhilipsHueConnection.swift in Sources */,
				EEDF44321C7289D2008E9472 /* PhilipsHueLightsManager.swift in Sources */,
				EE97F72A1C5DB96200C3ED77 /* home.xcdatamodeld in Sources */,
				EEDF44501C7289D2008E9472 /* ColorPalette.swift in Sources */,
				EEDF44311C7289D2008E9472 /* PhilipsHuePushlinkAuthenticator.swift in Sources */,
				EEDF444D1C7289D2008E9472 /* UIStyler.swift in Sources */,
				EEDF443D1C7289D2008E9472 /* CircadianViewController.swift in Sources */,
				EEBF5CDD1C793B750000A734 /* ExpandingCircleBedTimeView.swift in Sources */,
				EE4C8B501C6C4EC6000F4FA9 /* Injector.swift in Sources */,
				EEDF44481C7289D2008E9472 /* LoadingView.swift in Sources */,
				EEDF44361C7289D2008E9472 /* PhilipsHueService.swift in Sources */,
			);
			runOnlyForDeploymentPostprocessing = 0;
		};
		EE97F7311C5DB96200C3ED77 /* Sources */ = {
			isa = PBXSourcesBuildPhase;
			buildActionMask = 2147483647;
			files = (
				EE4B36571C6FD62F00C7B88F /* ColorFadeUtilitySpec.swift in Sources */,
				EE260C0B1C729316004202C1 /* MockNetworkClient.swift in Sources */,
				EE260C151C729FE8004202C1 /* MockPhilipsHueCacheWrapper.swift in Sources */,
				EE260C121C7297E7004202C1 /* PhilipsHueServiceSpec.swift in Sources */,
				EEAC785B1C75677400DD6E85 /* MockPhilipsHueService.swift in Sources */,
				EEAC78591C7566E300DD6E85 /* PhilipsHueLightsManagerSpec.swift in Sources */,
				EE260C131C729898004202C1 /* TestInjector.swift in Sources */,
			);
			runOnlyForDeploymentPostprocessing = 0;
		};
/* End PBXSourcesBuildPhase section */

/* Begin PBXTargetDependency section */
		EE97F7371C5DB96200C3ED77 /* PBXTargetDependency */ = {
			isa = PBXTargetDependency;
			target = EE97F71D1C5DB96200C3ED77 /* home */;
			targetProxy = EE97F7361C5DB96200C3ED77 /* PBXContainerItemProxy */;
		};
/* End PBXTargetDependency section */

/* Begin PBXVariantGroup section */
		EE97F72D1C5DB96200C3ED77 /* LaunchScreen.storyboard */ = {
			isa = PBXVariantGroup;
			children = (
				EE97F72E1C5DB96200C3ED77 /* Base */,
			);
			name = LaunchScreen.storyboard;
			sourceTree = "<group>";
		};
/* End PBXVariantGroup section */

/* Begin XCBuildConfiguration section */
		EE97F7471C5DB96200C3ED77 /* Debug */ = {
			isa = XCBuildConfiguration;
			buildSettings = {
				ALWAYS_SEARCH_USER_PATHS = NO;
				CLANG_CXX_LANGUAGE_STANDARD = "gnu++0x";
				CLANG_CXX_LIBRARY = "libc++";
				CLANG_ENABLE_MODULES = YES;
				CLANG_ENABLE_OBJC_ARC = YES;
				CLANG_WARN_BOOL_CONVERSION = YES;
				CLANG_WARN_CONSTANT_CONVERSION = YES;
				CLANG_WARN_DIRECT_OBJC_ISA_USAGE = YES_ERROR;
				CLANG_WARN_EMPTY_BODY = YES;
				CLANG_WARN_ENUM_CONVERSION = YES;
				CLANG_WARN_INT_CONVERSION = YES;
				CLANG_WARN_OBJC_ROOT_CLASS = YES_ERROR;
				CLANG_WARN_UNREACHABLE_CODE = YES;
				CLANG_WARN__DUPLICATE_METHOD_MATCH = YES;
				"CODE_SIGN_IDENTITY[sdk=iphoneos*]" = "iPhone Developer";
				COPY_PHASE_STRIP = NO;
				DEBUG_INFORMATION_FORMAT = dwarf;
				ENABLE_STRICT_OBJC_MSGSEND = YES;
				ENABLE_TESTABILITY = YES;
				GCC_C_LANGUAGE_STANDARD = gnu99;
				GCC_DYNAMIC_NO_PIC = NO;
				GCC_NO_COMMON_BLOCKS = YES;
				GCC_OPTIMIZATION_LEVEL = 0;
				GCC_PREPROCESSOR_DEFINITIONS = (
					"DEBUG=1",
					"$(inherited)",
				);
				GCC_WARN_64_TO_32_BIT_CONVERSION = YES;
				GCC_WARN_ABOUT_RETURN_TYPE = YES_ERROR;
				GCC_WARN_UNDECLARED_SELECTOR = YES;
				GCC_WARN_UNINITIALIZED_AUTOS = YES_AGGRESSIVE;
				GCC_WARN_UNUSED_FUNCTION = YES;
				GCC_WARN_UNUSED_VARIABLE = YES;
				IPHONEOS_DEPLOYMENT_TARGET = 9.2;
				MTL_ENABLE_DEBUG_INFO = YES;
				ONLY_ACTIVE_ARCH = YES;
				OTHER_LDFLAGS = "-ObjC";
				SDKROOT = iphoneos;
				SWIFT_OPTIMIZATION_LEVEL = "-Onone";
				TARGETED_DEVICE_FAMILY = "1,2";
			};
			name = Debug;
		};
		EE97F7481C5DB96200C3ED77 /* Release */ = {
			isa = XCBuildConfiguration;
			buildSettings = {
				ALWAYS_SEARCH_USER_PATHS = NO;
				CLANG_CXX_LANGUAGE_STANDARD = "gnu++0x";
				CLANG_CXX_LIBRARY = "libc++";
				CLANG_ENABLE_MODULES = YES;
				CLANG_ENABLE_OBJC_ARC = YES;
				CLANG_WARN_BOOL_CONVERSION = YES;
				CLANG_WARN_CONSTANT_CONVERSION = YES;
				CLANG_WARN_DIRECT_OBJC_ISA_USAGE = YES_ERROR;
				CLANG_WARN_EMPTY_BODY = YES;
				CLANG_WARN_ENUM_CONVERSION = YES;
				CLANG_WARN_INT_CONVERSION = YES;
				CLANG_WARN_OBJC_ROOT_CLASS = YES_ERROR;
				CLANG_WARN_UNREACHABLE_CODE = YES;
				CLANG_WARN__DUPLICATE_METHOD_MATCH = YES;
				"CODE_SIGN_IDENTITY[sdk=iphoneos*]" = "iPhone Developer";
				COPY_PHASE_STRIP = NO;
				DEBUG_INFORMATION_FORMAT = "dwarf-with-dsym";
				ENABLE_NS_ASSERTIONS = NO;
				ENABLE_STRICT_OBJC_MSGSEND = YES;
				GCC_C_LANGUAGE_STANDARD = gnu99;
				GCC_NO_COMMON_BLOCKS = YES;
				GCC_WARN_64_TO_32_BIT_CONVERSION = YES;
				GCC_WARN_ABOUT_RETURN_TYPE = YES_ERROR;
				GCC_WARN_UNDECLARED_SELECTOR = YES;
				GCC_WARN_UNINITIALIZED_AUTOS = YES_AGGRESSIVE;
				GCC_WARN_UNUSED_FUNCTION = YES;
				GCC_WARN_UNUSED_VARIABLE = YES;
				IPHONEOS_DEPLOYMENT_TARGET = 9.2;
				MTL_ENABLE_DEBUG_INFO = NO;
				OTHER_LDFLAGS = "-ObjC";
				SDKROOT = iphoneos;
				TARGETED_DEVICE_FAMILY = "1,2";
				VALIDATE_PRODUCT = YES;
			};
			name = Release;
		};
		EE97F74A1C5DB96200C3ED77 /* Debug */ = {
			isa = XCBuildConfiguration;
			buildSettings = {
				ASSETCATALOG_COMPILER_APPICON_NAME = AppIcon;
				CLANG_ENABLE_MODULES = YES;
				EMBEDDED_CONTENT_CONTAINS_SWIFT = YES;
				FRAMEWORK_SEARCH_PATHS = (
					"$(inherited)",
					"$(PROJECT_DIR)/Externals",
					"$(PROJECT_DIR)/Carthage/Build/iOS",
				);
				INFOPLIST_FILE = home/Info.plist;
				LD_RUNPATH_SEARCH_PATHS = "$(inherited) @executable_path/Frameworks";
				PRODUCT_BUNDLE_IDENTIFIER = com.katriciab.home;
				PRODUCT_NAME = "$(TARGET_NAME)";
				SWIFT_OBJC_BRIDGING_HEADER = "home/home-Bridging-Header.h";
				SWIFT_OPTIMIZATION_LEVEL = "-Onone";
			};
			name = Debug;
		};
		EE97F74B1C5DB96200C3ED77 /* Release */ = {
			isa = XCBuildConfiguration;
			buildSettings = {
				ASSETCATALOG_COMPILER_APPICON_NAME = AppIcon;
				CLANG_ENABLE_MODULES = YES;
				EMBEDDED_CONTENT_CONTAINS_SWIFT = YES;
				FRAMEWORK_SEARCH_PATHS = (
					"$(inherited)",
					"$(PROJECT_DIR)/Externals",
					"$(PROJECT_DIR)/Carthage/Build/iOS",
				);
				INFOPLIST_FILE = home/Info.plist;
				LD_RUNPATH_SEARCH_PATHS = "$(inherited) @executable_path/Frameworks";
				PRODUCT_BUNDLE_IDENTIFIER = com.katriciab.home;
				PRODUCT_NAME = "$(TARGET_NAME)";
				SWIFT_OBJC_BRIDGING_HEADER = "home/home-Bridging-Header.h";
			};
			name = Release;
		};
		EE97F74D1C5DB96200C3ED77 /* Debug */ = {
			isa = XCBuildConfiguration;
			buildSettings = {
				BUNDLE_LOADER = "$(TEST_HOST)";
				FRAMEWORK_SEARCH_PATHS = (
					"$(inherited)",
					"$(PROJECT_DIR)/Carthage/Build/iOS",
				);
				INFOPLIST_FILE = homeTests/Info.plist;
				LD_RUNPATH_SEARCH_PATHS = "$(inherited) @executable_path/Frameworks @loader_path/Frameworks";
				PRODUCT_BUNDLE_IDENTIFIER = com.katriciab.homeTests;
				PRODUCT_NAME = "$(TARGET_NAME)";
				TEST_HOST = "$(BUILT_PRODUCTS_DIR)/home.app/home";
			};
			name = Debug;
		};
		EE97F74E1C5DB96200C3ED77 /* Release */ = {
			isa = XCBuildConfiguration;
			buildSettings = {
				BUNDLE_LOADER = "$(TEST_HOST)";
				FRAMEWORK_SEARCH_PATHS = (
					"$(inherited)",
					"$(PROJECT_DIR)/Carthage/Build/iOS",
				);
				INFOPLIST_FILE = homeTests/Info.plist;
				LD_RUNPATH_SEARCH_PATHS = "$(inherited) @executable_path/Frameworks @loader_path/Frameworks";
				PRODUCT_BUNDLE_IDENTIFIER = com.katriciab.homeTests;
				PRODUCT_NAME = "$(TARGET_NAME)";
				TEST_HOST = "$(BUILT_PRODUCTS_DIR)/home.app/home";
			};
			name = Release;
		};
/* End XCBuildConfiguration section */

/* Begin XCConfigurationList section */
		EE97F7191C5DB96200C3ED77 /* Build configuration list for PBXProject "home" */ = {
			isa = XCConfigurationList;
			buildConfigurations = (
				EE97F7471C5DB96200C3ED77 /* Debug */,
				EE97F7481C5DB96200C3ED77 /* Release */,
			);
			defaultConfigurationIsVisible = 0;
			defaultConfigurationName = Release;
		};
		EE97F7491C5DB96200C3ED77 /* Build configuration list for PBXNativeTarget "home" */ = {
			isa = XCConfigurationList;
			buildConfigurations = (
				EE97F74A1C5DB96200C3ED77 /* Debug */,
				EE97F74B1C5DB96200C3ED77 /* Release */,
			);
			defaultConfigurationIsVisible = 0;
			defaultConfigurationName = Release;
		};
		EE97F74C1C5DB96200C3ED77 /* Build configuration list for PBXNativeTarget "homeTests" */ = {
			isa = XCConfigurationList;
			buildConfigurations = (
				EE97F74D1C5DB96200C3ED77 /* Debug */,
				EE97F74E1C5DB96200C3ED77 /* Release */,
			);
			defaultConfigurationIsVisible = 0;
			defaultConfigurationName = Release;
		};
/* End XCConfigurationList section */

/* Begin XCVersionGroup section */
		EE97F7281C5DB96200C3ED77 /* home.xcdatamodeld */ = {
			isa = XCVersionGroup;
			children = (
				EE97F7291C5DB96200C3ED77 /* home.xcdatamodel */,
			);
			currentVersion = EE97F7291C5DB96200C3ED77 /* home.xcdatamodel */;
			path = home.xcdatamodeld;
			sourceTree = "<group>";
			versionGroupType = wrapper.xcdatamodel;
		};
/* End XCVersionGroup section */
	};
	rootObject = EE97F7161C5DB96200C3ED77 /* Project object */;
}
